
Microsoft Visual Studio Solution File, Format Version 12.00
# Visual Studio Version 17
VisualStudioVersion = 17.8.34322.80
MinimumVisualStudioVersion = 10.0.40219.1
Project("{8BC9CEB8-8B4A-11D0-8D11-00A0C91BC942}") = "memchk", "memchk.vcxproj", "{01F2C847-6D4A-4228-BE30-22F10FB9D2D6}"
EndProject
Project("{8BC9CEB8-8B4A-11D0-8D11-00A0C91BC942}") = "memchk_test", "test\test.vcxproj", "{9B550580-E71B-47C7-962D-EE500DEE190B}"
EndProject
Global
	GlobalSection(SolutionConfigurationPlatforms) = preSolution
		Debug|x64 = Debug|x64
		Debug|x86 = Debug|x86
		Release|x64 = Release|x64
		Release|x86 = Release|x86
	EndGlobalSection
	GlobalSection(ProjectConfigurationPlatforms) = postSolution
		{01F2C847-6D4A-4228-BE30-22F10FB9D2D6}.Debug|x64.ActiveCfg = Debug|x64
		{01F2C847-6D4A-4228-BE30-22F10FB9D2D6}.Debug|x86.ActiveCfg = Debug|Win32
		{01F2C847-6D4A-4228-BE30-22F10FB9D2D6}.Debug|x86.Build.0 = Debug|Win32
		{01F2C847-6D4A-4228-BE30-22F10FB9D2D6}.Release|x64.ActiveCfg = Release|x64
		{01F2C847-6D4A-4228-BE30-22F10FB9D2D6}.Release|x86.ActiveCfg = Release|Win32
		{01F2C847-6D4A-4228-BE30-22F10FB9D2D6}.Release|x86.Build.0 = Release|Win32
		{9B550580-E71B-47C7-962D-EE500DEE190B}.Debug|x64.ActiveCfg = Debug|x64
		{9B550580-E71B-47C7-962D-EE500DEE190B}.Debug|x64.Build.0 = Debug|x64
		{9B550580-E71B-47C7-962D-EE500DEE190B}.Debug|x86.ActiveCfg = Debug|Win32
		{9B550580-E71B-47C7-962D-EE500DEE190B}.Debug|x86.Build.0 = Debug|Win32
		{9B550580-E71B-47C7-962D-EE500DEE190B}.Release|x64.ActiveCfg = Release|x64
		{9B550580-E71B-47C7-962D-EE500DEE190B}.Release|x64.Build.0 = Release|x64
		{9B550580-E71B-47C7-962D-EE500DEE190B}.Release|x86.ActiveCfg = Release|Win32
		{9B550580-E71B-47C7-962D-EE500DEE190B}.Release|x86.Build.0 = Release|Win32
	EndGlobalSection
	GlobalSection(SolutionProperties) = preSolution
		HideSolutionNode = FALSE
	EndGlobalSection
	GlobalSection(ExtensibilityGlobals) = postSolution
		SolutionGuid = {79DB629B-7F7B-4CF6-8918-A3D04BE295E9}
	EndGlobalSection
EndGlobal
